
Microsoft Visual Studio Solution File, Format Version 12.00
# Visual Studio Version 17
VisualStudioVersion = 17.9.34701.34
MinimumVisualStudioVersion = 10.0.40219.1
Project("{9A19103F-16F7-4668-BE54-9A1E7A4F7556}") = "Pharmacy", "Pharmacy.csproj", "{7F0647E8-7724-40D3-933E-511B45F2F23A}"
EndProject
Global
	GlobalSection(SolutionConfigurationPlatforms) = preSolution
		Debug|Any CPU = Debug|Any CPU
		Release|Any CPU = Release|Any CPU
	EndGlobalSection
	GlobalSection(ProjectConfigurationPlatforms) = postSolution
		{7F0647E8-7724-40D3-933E-511B45F2F23A}.Debug|Any CPU.ActiveCfg = Debug|Any CPU
		{7F0647E8-7724-40D3-933E-511B45F2F23A}.Debug|Any CPU.Build.0 = Debug|Any CPU
		{7F0647E8-7724-40D3-933E-511B45F2F23A}.Release|Any CPU.ActiveCfg = Release|Any CPU
		{7F0647E8-7724-40D3-933E-511B45F2F23A}.Release|Any CPU.Build.0 = Release|Any CPU
	EndGlobalSection
	GlobalSection(SolutionProperties) = preSolution
		HideSolutionNode = FALSE
	EndGlobalSection
	GlobalSection(ExtensibilityGlobals) = postSolution
		SolutionGuid = {D0337B24-945E-41FA-82AD-D99659C373BA}
	EndGlobalSection
EndGlobal
